<?xml version="1.0" encoding="utf-8"?>
<Project ToolsVersion="4.0" xmlns="http://schemas.microsoft.com/developer/msbuild/2003">
  <ItemGroup>
    <Filter Include="Archivos de origen">
      <UniqueIdentifier>{4FC737F1-C7A5-4376-A066-2A32D752A2FF}</UniqueIdentifier>
      <Extensions>cpp;c;cc;cxx;c++;cppm;ixx;def;odl;idl;hpj;bat;asm;asmx</Extensions>
    </Filter>
    <Filter Include="Archivos de encabezado">
      <UniqueIdentifier>{93995380-89BD-4b04-88EB-625FBE52EBFB}</UniqueIdentifier>
      <Extensions>h;hh;hpp;hxx;h++;hm;inl;inc;ipp;xsd</Extensions>
    </Filter>
    <Filter Include="Archivos de recursos">
      <UniqueIdentifier>{67DA6AB6-F800-4c08-8B7A-83BB121AAD01}</UniqueIdentifier>
      <Extensions>rc;ico;cur;bmp;dlg;rc2;rct;bin;rgs;gif;jpg;jpeg;jpe;resx;tiff;tif;png;wav;mfcribbon-ms</Extensions>
    </Filter>
    <Filter Include="Archivos de encabezado\JuegoMapa01">
      <UniqueIdentifier>{7aa99ff2-02f5-43a3-9826-a2038ac674fa}</UniqueIdentifier>
    </Filter>
    <Filter Include="Archivos de encabezado\TerminarJuego">
      <UniqueIdentifier>{f2493960-e677-4ec2-ba31-7465c1383641}</UniqueIdentifier>
    </Filter>
    <Filter Include="Archivos de encabezado\JuegoMapa02">
      <UniqueIdentifier>{89ef0131-74af-43d9-a113-ab7d5b9b1822}</UniqueIdentifier>
    </Filter>
    <Filter Include="Archivos de encabezado\Presentacion">
      <UniqueIdentifier>{13f2f8d4-78d7-4cf8-b748-5b273ab898fe}</UniqueIdentifier>
    </Filter>
  </ItemGroup>
  <ItemGroup>
    <ClCompile Include="Source.cpp">
      <Filter>Archivos de origen</Filter>
    </ClCompile>
  </ItemGroup>
  <ItemGroup>
    <ClInclude Include="global.h">
      <Filter>Archivos de encabezado</Filter>
    </ClInclude>
    <ClInclude Include="enemigos.h">
      <Filter>Archivos de encabezado</Filter>
    </ClInclude>
    <ClInclude Include="aliados.h">
      <Filter>Archivos de encabezado</Filter>
    </ClInclude>
    <ClInclude Include="protagonistas.h">
      <Filter>Archivos de encabezado</Filter>
    </ClInclude>
    <ClInclude Include="gameover.h">
      <Filter>Archivos de encabezado\TerminarJuego</Filter>
    </ClInclude>
    <ClInclude Include="youwin.h">
      <Filter>Archivos de encabezado\TerminarJuego</Filter>
    </ClInclude>
    <ClInclude Include="mapa02.h">
      <Filter>Archivos de encabezado\JuegoMapa02</Filter>
    </ClInclude>
    <ClInclude Include="juegomapa02.h">
      <Filter>Archivos de encabezado\JuegoMapa02</Filter>
    </ClInclude>
    <ClInclude Include="mapa01.h">
      <Filter>Archivos de encabezado\JuegoMapa01</Filter>
    </ClInclude>
    <ClInclude Include="menu.h">
      <Filter>Archivos de encabezado\Presentacion</Filter>
    </ClInclude>
    <ClInclude Include="presentacion.h">
      <Filter>Archivos de encabezado\Presentacion</Filter>
    </ClInclude>
    <ClInclude Include="instrucciones.h">
      <Filter>Archivos de encabezado\Presentacion</Filter>
    </ClInclude>
    <ClInclude Include="creditos.h">
      <Filter>Archivos de encabezado\Presentacion</Filter>
    </ClInclude>
  </ItemGroup>
</Project>